
Microsoft Visual Studio Solution File, Format Version 11.00
# Visual Studio 2010
Project("{8BC9CEB8-8B4A-11D0-8D11-00A0C91BC942}") = "ewvdb_loader", "ewvdb_loader.vcxproj", "{38CD91EF-809B-A9B7-C1A7-2EA1E8701F63}"
EndProject
Global
	GlobalSection(SolutionConfigurationPlatforms) = preSolution
		Debug|Win32 = Debug|Win32
		Release|Win32 = Release|Win32
	EndGlobalSection
	GlobalSection(ProjectConfigurationPlatforms) = postSolution
		{38CD91EF-809B-A9B7-C1A7-2EA1E8701F63}.Debug|Win32.ActiveCfg = Debug|Win32
		{38CD91EF-809B-A9B7-C1A7-2EA1E8701F63}.Debug|Win32.Build.0 = Debug|Win32
		{38CD91EF-809B-A9B7-C1A7-2EA1E8701F63}.Release|Win32.ActiveCfg = Release|Win32
		{38CD91EF-809B-A9B7-C1A7-2EA1E8701F63}.Release|Win32.Build.0 = Release|Win32
	EndGlobalSection
	GlobalSection(SolutionProperties) = preSolution
		HideSolutionNode = FALSE
	EndGlobalSection
EndGlobal
